
Microsoft Visual Studio Solution File, Format Version 12.00
# Visual Studio Version 16
VisualStudioVersion = 16.0.31424.327
MinimumVisualStudioVersion = 10.0.40219.1
Project("{FAE04EC0-301F-11D3-BF4B-00C04F79EFBC}") = "LunchBuddies", "LunchBuddies\LunchBuddies.csproj", "{FAB7C168-D408-4CC0-A40C-D0EFD9E5AF02}"
EndProject
Global
	GlobalSection(SolutionConfigurationPlatforms) = preSolution
		Debug|Any CPU = Debug|Any CPU
		Release|Any CPU = Release|Any CPU
	EndGlobalSection
	GlobalSection(ProjectConfigurationPlatforms) = postSolution
		{FAB7C168-D408-4CC0-A40C-D0EFD9E5AF02}.Debug|Any CPU.ActiveCfg = Debug|Any CPU
		{FAB7C168-D408-4CC0-A40C-D0EFD9E5AF02}.Debug|Any CPU.Build.0 = Debug|Any CPU
		{FAB7C168-D408-4CC0-A40C-D0EFD9E5AF02}.Release|Any CPU.ActiveCfg = Release|Any CPU
		{FAB7C168-D408-4CC0-A40C-D0EFD9E5AF02}.Release|Any CPU.Build.0 = Release|Any CPU
	EndGlobalSection
	GlobalSection(SolutionProperties) = preSolution
		HideSolutionNode = FALSE
	EndGlobalSection
	GlobalSection(ExtensibilityGlobals) = postSolution
		SolutionGuid = {246B1DF4-2848-4A7A-8424-B487FEF4656D}
	EndGlobalSection
EndGlobal
